
Microsoft Visual Studio Solution File, Format Version 12.00
# Visual Studio Version 17
VisualStudioVersion = 17.11.35219.272
MinimumVisualStudioVersion = 10.0.40219.1
Project("{FAE04EC0-301F-11D3-BF4B-00C04F79EFBC}") = "MiPrimerForm", "MiPrimerForm\MiPrimerForm.csproj", "{3F335D11-0678-4651-AF78-1180E930F4C1}"
EndProject
Global
	GlobalSection(SolutionConfigurationPlatforms) = preSolution
		Debug|Any CPU = Debug|Any CPU
		Release|Any CPU = Release|Any CPU
	EndGlobalSection
	GlobalSection(ProjectConfigurationPlatforms) = postSolution
		{3F335D11-0678-4651-AF78-1180E930F4C1}.Debug|Any CPU.ActiveCfg = Debug|Any CPU
		{3F335D11-0678-4651-AF78-1180E930F4C1}.Debug|Any CPU.Build.0 = Debug|Any CPU
		{3F335D11-0678-4651-AF78-1180E930F4C1}.Release|Any CPU.ActiveCfg = Release|Any CPU
		{3F335D11-0678-4651-AF78-1180E930F4C1}.Release|Any CPU.Build.0 = Release|Any CPU
	EndGlobalSection
	GlobalSection(SolutionProperties) = preSolution
		HideSolutionNode = FALSE
	EndGlobalSection
	GlobalSection(ExtensibilityGlobals) = postSolution
		SolutionGuid = {756BCFCA-6E5E-41C5-A1D7-351476CBDB7E}
	EndGlobalSection
EndGlobal
